Microsoft Visual Studio Solution File, Format Version 12.00
# Visual Studio 2012
Project("{FAE04EC0-301F-11D3-BF4B-00C04F79EFBC}") = "Miyabists2", "Miyabists2.csproj", "{ABD56ED2-2566-4047-B17F-5F3881CA970E}"
EndProject
Global
	GlobalSection(SolutionConfigurationPlatforms) = preSolution
	Debug|Any CPU = Debug|Any CPU
	ExportDebug|Any CPU = ExportDebug|Any CPU
	ExportRelease|Any CPU = ExportRelease|Any CPU
	EndGlobalSection
	GlobalSection(ProjectConfigurationPlatforms) = postSolution
		{ABD56ED2-2566-4047-B17F-5F3881CA970E}.Debug|Any CPU.ActiveCfg = Debug|Any CPU
		{ABD56ED2-2566-4047-B17F-5F3881CA970E}.Debug|Any CPU.Build.0 = Debug|Any CPU
		{ABD56ED2-2566-4047-B17F-5F3881CA970E}.ExportDebug|Any CPU.ActiveCfg = ExportDebug|Any CPU
		{ABD56ED2-2566-4047-B17F-5F3881CA970E}.ExportDebug|Any CPU.Build.0 = ExportDebug|Any CPU
		{ABD56ED2-2566-4047-B17F-5F3881CA970E}.ExportRelease|Any CPU.ActiveCfg = ExportRelease|Any CPU
		{ABD56ED2-2566-4047-B17F-5F3881CA970E}.ExportRelease|Any CPU.Build.0 = ExportRelease|Any CPU
	EndGlobalSection
EndGlobal
